
Microsoft Visual Studio Solution File, Format Version 11.00
# Visual Studio 2010
Project("{2150E333-8FDC-42A3-9474-1A3956D46DE8}") = ".nuget", ".nuget", "{11BE99C3-254A-4408-AC37-59E0DAEBB55C}"
	ProjectSection(SolutionItems) = preProject
		.nuget\NuGet.Config = .nuget\NuGet.Config
		.nuget\nuget.exe = .nuget\nuget.exe
		.nuget\NuGet.targets = .nuget\NuGet.targets
	EndProjectSection
EndProject
Project("{2150E333-8FDC-42A3-9474-1A3956D46DE8}") = "Implementations", "Implementations", "{97F89C2C-7B7A-4A0A-AB0E-C04C43A85D06}"
EndProject
Project("{2150E333-8FDC-42A3-9474-1A3956D46DE8}") = "Ui", "Ui", "{5B95E2AE-7A3D-4A1E-A559-9B29FF0ADE7F}"
EndProject
Project("{2150E333-8FDC-42A3-9474-1A3956D46DE8}") = "Domain", "Domain", "{8CB8B0F2-9F62-4C82-8101-32AD44193C4C}"
EndProject
Project("{2150E333-8FDC-42A3-9474-1A3956D46DE8}") = "Infrastructure", "Infrastructure", "{BA4D3458-DEAD-4632-8A4D-FDDAB70166DE}"
EndProject
Project("{FAE04EC0-301F-11D3-BF4B-00C04F79EFBC}") = "MilkPlant.Shared", "Infrastructure\MilkPlant.Shared\MilkPlant.Shared.csproj", "{D548B0F8-F29F-4FD8-A753-5090A5F0CCA6}"
EndProject
Project("{FAE04EC0-301F-11D3-BF4B-00C04F79EFBC}") = "MilkPlant.EntityBackend", "Implementations\MilkPlant.EntityBackend\MilkPlant.EntityBackend.csproj", "{26B68A49-505C-49DA-9FD8-2F9F2253B06D}"
EndProject
Project("{FAE04EC0-301F-11D3-BF4B-00C04F79EFBC}") = "MilkPlant.Interfaces", "Domain\MilkPlant.Interfaces\MilkPlant.Interfaces.csproj", "{E175B593-C075-4A4F-8C99-C93D2667FEB9}"
EndProject
Project("{2150E333-8FDC-42A3-9474-1A3956D46DE8}") = "Documentation", "Documentation", "{A8ABBE61-C496-4F1B-87A7-E5884FE7F9FF}"
	ProjectSection(SolutionItems) = preProject
		README.md = README.md
	EndProjectSection
EndProject
Global
	GlobalSection(SolutionConfigurationPlatforms) = preSolution
		Debug|Any CPU = Debug|Any CPU
		Debug|Mixed Platforms = Debug|Mixed Platforms
		Debug|x86 = Debug|x86
		Release|Any CPU = Release|Any CPU
		Release|Mixed Platforms = Release|Mixed Platforms
		Release|x86 = Release|x86
	EndGlobalSection
	GlobalSection(ProjectConfigurationPlatforms) = postSolution
		{D548B0F8-F29F-4FD8-A753-5090A5F0CCA6}.Debug|Any CPU.ActiveCfg = Debug|Any CPU
		{D548B0F8-F29F-4FD8-A753-5090A5F0CCA6}.Debug|Any CPU.Build.0 = Debug|Any CPU
		{D548B0F8-F29F-4FD8-A753-5090A5F0CCA6}.Debug|Mixed Platforms.ActiveCfg = Debug|Any CPU
		{D548B0F8-F29F-4FD8-A753-5090A5F0CCA6}.Debug|Mixed Platforms.Build.0 = Debug|Any CPU
		{D548B0F8-F29F-4FD8-A753-5090A5F0CCA6}.Debug|x86.ActiveCfg = Debug|Any CPU
		{D548B0F8-F29F-4FD8-A753-5090A5F0CCA6}.Release|Any CPU.ActiveCfg = Release|Any CPU
		{D548B0F8-F29F-4FD8-A753-5090A5F0CCA6}.Release|Any CPU.Build.0 = Release|Any CPU
		{D548B0F8-F29F-4FD8-A753-5090A5F0CCA6}.Release|Mixed Platforms.ActiveCfg = Release|Any CPU
		{D548B0F8-F29F-4FD8-A753-5090A5F0CCA6}.Release|Mixed Platforms.Build.0 = Release|Any CPU
		{D548B0F8-F29F-4FD8-A753-5090A5F0CCA6}.Release|x86.ActiveCfg = Release|Any CPU
		{26B68A49-505C-49DA-9FD8-2F9F2253B06D}.Debug|Any CPU.ActiveCfg = Debug|Any CPU
		{26B68A49-505C-49DA-9FD8-2F9F2253B06D}.Debug|Any CPU.Build.0 = Debug|Any CPU
		{26B68A49-505C-49DA-9FD8-2F9F2253B06D}.Debug|Mixed Platforms.ActiveCfg = Debug|Any CPU
		{26B68A49-505C-49DA-9FD8-2F9F2253B06D}.Debug|Mixed Platforms.Build.0 = Debug|Any CPU
		{26B68A49-505C-49DA-9FD8-2F9F2253B06D}.Debug|x86.ActiveCfg = Debug|Any CPU
		{26B68A49-505C-49DA-9FD8-2F9F2253B06D}.Release|Any CPU.ActiveCfg = Release|Any CPU
		{26B68A49-505C-49DA-9FD8-2F9F2253B06D}.Release|Any CPU.Build.0 = Release|Any CPU
		{26B68A49-505C-49DA-9FD8-2F9F2253B06D}.Release|Mixed Platforms.ActiveCfg = Release|Any CPU
		{26B68A49-505C-49DA-9FD8-2F9F2253B06D}.Release|Mixed Platforms.Build.0 = Release|Any CPU
		{26B68A49-505C-49DA-9FD8-2F9F2253B06D}.Release|x86.ActiveCfg = Release|Any CPU
		{E175B593-C075-4A4F-8C99-C93D2667FEB9}.Debug|Any CPU.ActiveCfg = Debug|Any CPU
		{E175B593-C075-4A4F-8C99-C93D2667FEB9}.Debug|Any CPU.Build.0 = Debug|Any CPU
		{E175B593-C075-4A4F-8C99-C93D2667FEB9}.Debug|Mixed Platforms.ActiveCfg = Debug|Any CPU
		{E175B593-C075-4A4F-8C99-C93D2667FEB9}.Debug|Mixed Platforms.Build.0 = Debug|Any CPU
		{E175B593-C075-4A4F-8C99-C93D2667FEB9}.Debug|x86.ActiveCfg = Debug|Any CPU
		{E175B593-C075-4A4F-8C99-C93D2667FEB9}.Release|Any CPU.ActiveCfg = Release|Any CPU
		{E175B593-C075-4A4F-8C99-C93D2667FEB9}.Release|Any CPU.Build.0 = Release|Any CPU
		{E175B593-C075-4A4F-8C99-C93D2667FEB9}.Release|Mixed Platforms.ActiveCfg = Release|Any CPU
		{E175B593-C075-4A4F-8C99-C93D2667FEB9}.Release|Mixed Platforms.Build.0 = Release|Any CPU
		{E175B593-C075-4A4F-8C99-C93D2667FEB9}.Release|x86.ActiveCfg = Release|Any CPU
	EndGlobalSection
	GlobalSection(SolutionProperties) = preSolution
		HideSolutionNode = FALSE
	EndGlobalSection
	GlobalSection(NestedProjects) = preSolution
		{26B68A49-505C-49DA-9FD8-2F9F2253B06D} = {97F89C2C-7B7A-4A0A-AB0E-C04C43A85D06}
		{E175B593-C075-4A4F-8C99-C93D2667FEB9} = {8CB8B0F2-9F62-4C82-8101-32AD44193C4C}
		{D548B0F8-F29F-4FD8-A753-5090A5F0CCA6} = {BA4D3458-DEAD-4632-8A4D-FDDAB70166DE}
	EndGlobalSection
EndGlobal
