
Microsoft Visual Studio Solution File, Format Version 11.00
# Visual Studio 2010
Project("{FAE04EC0-301F-11D3-BF4B-00C04F79EFBC}") = "MilkPlant.WebUi", "MilkPlant.WebUi\MilkPlant.WebUi.csproj", "{67D2AF3E-5849-4850-8936-A59BC2124757}"
EndProject
Project("{FAE04EC0-301F-11D3-BF4B-00C04F79EFBC}") = "MilkPlant.Interfaces", "MilkPlant.Interfaces\MilkPlant.Interfaces.csproj", "{E175B593-C075-4A4F-8C99-C93D2667FEB9}"
EndProject
Project("{FAE04EC0-301F-11D3-BF4B-00C04F79EFBC}") = "MilkPlant.WebUi.Tests", "MilkPlant.WebUi.Tests\MilkPlant.WebUi.Tests.csproj", "{4B009149-5EFC-4259-8FEC-E67185FC83B5}"
EndProject
Project("{FAE04EC0-301F-11D3-BF4B-00C04F79EFBC}") = "MilkPlant.EntityBackend", "MilkPlant.EntityBackend\MilkPlant.EntityBackend.csproj", "{26B68A49-505C-49DA-9FD8-2F9F2253B06D}"
EndProject
Global
	GlobalSection(SolutionConfigurationPlatforms) = preSolution
		Debug|Any CPU = Debug|Any CPU
		Release|Any CPU = Release|Any CPU
	EndGlobalSection
	GlobalSection(ProjectConfigurationPlatforms) = postSolution
		{67D2AF3E-5849-4850-8936-A59BC2124757}.Debug|Any CPU.ActiveCfg = Debug|Any CPU
		{67D2AF3E-5849-4850-8936-A59BC2124757}.Debug|Any CPU.Build.0 = Debug|Any CPU
		{67D2AF3E-5849-4850-8936-A59BC2124757}.Release|Any CPU.ActiveCfg = Release|Any CPU
		{67D2AF3E-5849-4850-8936-A59BC2124757}.Release|Any CPU.Build.0 = Release|Any CPU
		{E175B593-C075-4A4F-8C99-C93D2667FEB9}.Debug|Any CPU.ActiveCfg = Debug|Any CPU
		{E175B593-C075-4A4F-8C99-C93D2667FEB9}.Debug|Any CPU.Build.0 = Debug|Any CPU
		{E175B593-C075-4A4F-8C99-C93D2667FEB9}.Release|Any CPU.ActiveCfg = Release|Any CPU
		{E175B593-C075-4A4F-8C99-C93D2667FEB9}.Release|Any CPU.Build.0 = Release|Any CPU
		{4B009149-5EFC-4259-8FEC-E67185FC83B5}.Debug|Any CPU.ActiveCfg = Debug|Any CPU
		{4B009149-5EFC-4259-8FEC-E67185FC83B5}.Debug|Any CPU.Build.0 = Debug|Any CPU
		{4B009149-5EFC-4259-8FEC-E67185FC83B5}.Release|Any CPU.ActiveCfg = Release|Any CPU
		{4B009149-5EFC-4259-8FEC-E67185FC83B5}.Release|Any CPU.Build.0 = Release|Any CPU
		{26B68A49-505C-49DA-9FD8-2F9F2253B06D}.Debug|Any CPU.ActiveCfg = Debug|Any CPU
		{26B68A49-505C-49DA-9FD8-2F9F2253B06D}.Debug|Any CPU.Build.0 = Debug|Any CPU
		{26B68A49-505C-49DA-9FD8-2F9F2253B06D}.Release|Any CPU.ActiveCfg = Release|Any CPU
		{26B68A49-505C-49DA-9FD8-2F9F2253B06D}.Release|Any CPU.Build.0 = Release|Any CPU
	EndGlobalSection
	GlobalSection(SolutionProperties) = preSolution
		HideSolutionNode = FALSE
	EndGlobalSection
EndGlobal
